{
  "name": "patient",
  "version": "1.0.0",
  "lockfileVersion": 1,
  "dependencies": {
    "express": {
      "version": "4.17.1",
      "resolved": "https://registry.npmjs.org/express/-/express-4.17.1.tgz",
      "integrity": "sha512-xcRLyVvVGk1+DiW+fnqf8Z7iVbmAB7IZ8e91YZH6jZfSoO61DPXylRG3b8XBwTdo1Ae46e2bbYmYnTAAwxa0Aq==",
      "dev": false
    }
  }
}
